// !$*UTF8*$!
{
	archiveVersion = 1;
	classes = {
	};
	objectVersion = 56;
	objects = {

/* Begin PBXBuildFile section */
		A5A695B72C482ACB00167E36 /* MainApp.swift in Sources */ = {isa = PBXBuildFile; fileRef = A5A695B62C482ACB00167E36 /* MainApp.swift */; };
		A5A695B92C482ACB00167E36 /* MainView.swift in Sources */ = {isa = PBXBuildFile; fileRef = A5A695B82C482ACB00167E36 /* MainView.swift */; };
		A5A695BB2C482ACC00167E36 /* Assets.xcassets in Resources */ = {isa = PBXBuildFile; fileRef = A5A695BA2C482ACC00167E36 /* Assets.xcassets */; };
		A5A695BE2C482ACC00167E36 /* Preview.xcassets in Resources */ = {isa = PBXBuildFile; fileRef = A5A695BD2C482ACC00167E36 /* Preview.xcassets */; };
		A5A695C62C482C9B00167E36 /* ComposableArchitecture in Frameworks */ = {isa = PBXBuildFile; productRef = A5A695C52C482C9B00167E36 /* ComposableArchitecture */; };
		A5A695C82C482E0100167E36 /* ComposableArchitecture in Frameworks */ = {isa = PBXBuildFile; productRef = A5A695C72C482E0100167E36 /* ComposableArchitecture */; };
		A5A695CB2C482E5900167E36 /* Alamofire in Frameworks */ = {isa = PBXBuildFile; productRef = A5A695CA2C482E5900167E36 /* Alamofire */; };
		A5A695CD2C482E5900167E36 /* AlamofireDynamic in Frameworks */ = {isa = PBXBuildFile; productRef = A5A695CC2C482E5900167E36 /* AlamofireDynamic */; };
		A5A695D32C48394E00167E36 /* ListFeature.swift in Sources */ = {isa = PBXBuildFile; fileRef = A5A695D22C48394E00167E36 /* ListFeature.swift */; };
		A5A695D52C48395900167E36 /* ListView.swift in Sources */ = {isa = PBXBuildFile; fileRef = A5A695D42C48395900167E36 /* ListView.swift */; };
		A5A695D72C48396600167E36 /* ListDetailFeature.swift in Sources */ = {isa = PBXBuildFile; fileRef = A5A695D62C48396600167E36 /* ListDetailFeature.swift */; };
		A5A695DB2C483A3F00167E36 /* ListDetailView.swift in Sources */ = {isa = PBXBuildFile; fileRef = A5A695DA2C483A3F00167E36 /* ListDetailView.swift */; };
/* End PBXBuildFile section */

/* Begin PBXFileReference section */
		A5A695B32C482ACB00167E36 /* mycyprus.app */ = {isa = PBXFileReference; explicitFileType = wrapper.application; includeInIndex = 0; path = mycyprus.app; sourceTree = BUILT_PRODUCTS_DIR; };
		A5A695B62C482ACB00167E36 /* MainApp.swift */ = {isa = PBXFileReference; lastKnownFileType = sourcecode.swift; path = MainApp.swift; sourceTree = "<group>"; };
		A5A695B82C482ACB00167E36 /* MainView.swift */ = {isa = PBXFileReference; lastKnownFileType = sourcecode.swift; path = MainView.swift; sourceTree = "<group>"; };
		A5A695BA2C482ACC00167E36 /* Assets.xcassets */ = {isa = PBXFileReference; lastKnownFileType = folder.assetcatalog; path = Assets.xcassets; sourceTree = "<group>"; };
		A5A695BD2C482ACC00167E36 /* Preview.xcassets */ = {isa = PBXFileReference; lastKnownFileType = folder.assetcatalog; path = Preview.xcassets; sourceTree = "<group>"; };
		A5A695D22C48394E00167E36 /* ListFeature.swift */ = {isa = PBXFileReference; lastKnownFileType = sourcecode.swift; path = ListFeature.swift; sourceTree = "<group>"; };
		A5A695D42C48395900167E36 /* ListView.swift */ = {isa = PBXFileReference; lastKnownFileType = sourcecode.swift; path = ListView.swift; sourceTree = "<group>"; };
		A5A695D62C48396600167E36 /* ListDetailFeature.swift */ = {isa = PBXFileReference; lastKnownFileType = sourcecode.swift; path = ListDetailFeature.swift; sourceTree = "<group>"; };
		A5A695DA2C483A3F00167E36 /* ListDetailView.swift */ = {isa = PBXFileReference; lastKnownFileType = sourcecode.swift; path = ListDetailView.swift; sourceTree = "<group>"; };
/* End PBXFileReference section */

/* Begin PBXFrameworksBuildPhase section */
		A5A695B02C482ACB00167E36 /* Frameworks */ = {
			isa = PBXFrameworksBuildPhase;
			buildActionMask = 2147483647;
			files = (
				A5A695CB2C482E5900167E36 /* Alamofire in Frameworks */,
				A5A695CD2C482E5900167E36 /* AlamofireDynamic in Frameworks */,
				A5A695C82C482E0100167E36 /* ComposableArchitecture in Frameworks */,
				A5A695C62C482C9B00167E36 /* ComposableArchitecture in Frameworks */,
			);
			runOnlyForDeploymentPostprocessing = 0;
		};
/* End PBXFrameworksBuildPhase section */

/* Begin PBXGroup section */
		A5A695AA2C482ACB00167E36 = {
			isa = PBXGroup;
			children = (
				A5A695CF2C48382F00167E36 /* Assets */,
				A5A695CE2C4837F700167E36 /* Features */,
				A5A695B62C482ACB00167E36 /* MainApp.swift */,
				A5A695B42C482ACB00167E36 /* Products */,
			);
			sourceTree = "<group>";
		};
		A5A695B42C482ACB00167E36 /* Products */ = {
			isa = PBXGroup;
			children = (
				A5A695B32C482ACB00167E36 /* mycyprus.app */,
			);
			name = Products;
			sourceTree = "<group>";
		};
		A5A695CE2C4837F700167E36 /* Features */ = {
			isa = PBXGroup;
			children = (
				A5A695D02C4838F400167E36 /* List */,
				A5A695D12C4838FD00167E36 /* ListDetail */,
				A5A695B82C482ACB00167E36 /* MainView.swift */,
			);
			path = Features;
			sourceTree = "<group>";
		};
		A5A695CF2C48382F00167E36 /* Assets */ = {
			isa = PBXGroup;
			children = (
				A5A695BD2C482ACC00167E36 /* Preview.xcassets */,
				A5A695BA2C482ACC00167E36 /* Assets.xcassets */,
			);
			path = Assets;
			sourceTree = "<group>";
		};
		A5A695D02C4838F400167E36 /* List */ = {
			isa = PBXGroup;
			children = (
				A5A695D22C48394E00167E36 /* ListFeature.swift */,
				A5A695D42C48395900167E36 /* ListView.swift */,
			);
			path = List;
			sourceTree = "<group>";
		};
		A5A695D12C4838FD00167E36 /* ListDetail */ = {
			isa = PBXGroup;
			children = (
				A5A695D62C48396600167E36 /* ListDetailFeature.swift */,
				A5A695DA2C483A3F00167E36 /* ListDetailView.swift */,
			);
			path = ListDetail;
			sourceTree = "<group>";
		};
/* End PBXGroup section */

/* Begin PBXNativeTarget section */
		A5A695B22C482ACB00167E36 /* mycyprus */ = {
			isa = PBXNativeTarget;
			buildConfigurationList = A5A695C12C482ACC00167E36 /* Build configuration list for PBXNativeTarget "mycyprus" */;
			buildPhases = (
				A5A695AF2C482ACB00167E36 /* Sources */,
				A5A695B02C482ACB00167E36 /* Frameworks */,
				A5A695B12C482ACB00167E36 /* Resources */,
			);
			buildRules = (
			);
			dependencies = (
			);
			name = mycyprus;
			packageProductDependencies = (
				A5A695C52C482C9B00167E36 /* ComposableArchitecture */,
				A5A695C72C482E0100167E36 /* ComposableArchitecture */,
				A5A695CA2C482E5900167E36 /* Alamofire */,
				A5A695CC2C482E5900167E36 /* AlamofireDynamic */,
			);
			productName = mycyprus;
			productReference = A5A695B32C482ACB00167E36 /* mycyprus.app */;
			productType = "com.apple.product-type.application";
		};
/* End PBXNativeTarget section */

/* Begin PBXProject section */
		A5A695AB2C482ACB00167E36 /* Project object */ = {
			isa = PBXProject;
			attributes = {
				BuildIndependentTargetsInParallel = 1;
				LastSwiftUpdateCheck = 1500;
				LastUpgradeCheck = 1500;
				TargetAttributes = {
					A5A695B22C482ACB00167E36 = {
						CreatedOnToolsVersion = 15.0.1;
					};
				};
			};
			buildConfigurationList = A5A695AE2C482ACB00167E36 /* Build configuration list for PBXProject "mycyprus" */;
			compatibilityVersion = "Xcode 14.0";
			developmentRegion = ru;
			hasScannedForEncodings = 0;
			knownRegions = (
				en,
				Base,
				ru,
			);
			mainGroup = A5A695AA2C482ACB00167E36;
			packageReferences = (
				A5A695C42C482C9B00167E36 /* XCRemoteSwiftPackageReference "swift-composable-architecture" */,
				A5A695C92C482E5900167E36 /* XCRemoteSwiftPackageReference "Alamofire" */,
			);
			productRefGroup = A5A695B42C482ACB00167E36 /* Products */;
			projectDirPath = "";
			projectRoot = "";
			targets = (
				A5A695B22C482ACB00167E36 /* mycyprus */,
			);
		};
/* End PBXProject section */

/* Begin PBXResourcesBuildPhase section */
		A5A695B12C482ACB00167E36 /* Resources */ = {
			isa = PBXResourcesBuildPhase;
			buildActionMask = 2147483647;
			files = (
				A5A695BE2C482ACC00167E36 /* Preview.xcassets in Resources */,
				A5A695BB2C482ACC00167E36 /* Assets.xcassets in Resources */,
			);
			runOnlyForDeploymentPostprocessing = 0;
		};
/* End PBXResourcesBuildPhase section */

/* Begin PBXSourcesBuildPhase section */
		A5A695AF2C482ACB00167E36 /* Sources */ = {
			isa = PBXSourcesBuildPhase;
			buildActionMask = 2147483647;
			files = (
				A5A695D52C48395900167E36 /* ListView.swift in Sources */,
				A5A695D32C48394E00167E36 /* ListFeature.swift in Sources */,
				A5A695B92C482ACB00167E36 /* MainView.swift in Sources */,
				A5A695DB2C483A3F00167E36 /* ListDetailView.swift in Sources */,
				A5A695B72C482ACB00167E36 /* MainApp.swift in Sources */,
				A5A695D72C48396600167E36 /* ListDetailFeature.swift in Sources */,
			);
			runOnlyForDeploymentPostprocessing = 0;
		};
/* End PBXSourcesBuildPhase section */

/* Begin XCBuildConfiguration section */
		A5A695BF2C482ACC00167E36 /* Debug */ = {
			isa = XCBuildConfiguration;
			buildSettings = {
				ALWAYS_SEARCH_USER_PATHS = NO;
				ASSETCATALOG_COMPILER_GENERATE_SWIFT_ASSET_SYMBOL_EXTENSIONS = YES;
				CLANG_ANALYZER_NONNULL = YES;
				CLANG_ANALYZER_NUMBER_OBJECT_CONVERSION = YES_AGGRESSIVE;
				CLANG_CXX_LANGUAGE_STANDARD = "gnu++20";
				CLANG_ENABLE_MODULES = YES;
				CLANG_ENABLE_OBJC_ARC = YES;
				CLANG_ENABLE_OBJC_WEAK = YES;
				CLANG_WARN_BLOCK_CAPTURE_AUTORELEASING = YES;
				CLANG_WARN_BOOL_CONVERSION = YES;
				CLANG_WARN_COMMA = YES;
				CLANG_WARN_CONSTANT_CONVERSION = YES;
				CLANG_WARN_DEPRECATED_OBJC_IMPLEMENTATIONS = YES;
				CLANG_WARN_DIRECT_OBJC_ISA_USAGE = YES_ERROR;
				CLANG_WARN_DOCUMENTATION_COMMENTS = YES;
				CLANG_WARN_EMPTY_BODY = YES;
				CLANG_WARN_ENUM_CONVERSION = YES;
				CLANG_WARN_INFINITE_RECURSION = YES;
				CLANG_WARN_INT_CONVERSION = YES;
				CLANG_WARN_NON_LITERAL_NULL_CONVERSION = YES;
				CLANG_WARN_OBJC_IMPLICIT_RETAIN_SELF = YES;
				CLANG_WARN_OBJC_LITERAL_CONVERSION = YES;
				CLANG_WARN_OBJC_ROOT_CLASS = YES_ERROR;
				CLANG_WARN_QUOTED_INCLUDE_IN_FRAMEWORK_HEADER = YES;
				CLANG_WARN_RANGE_LOOP_ANALYSIS = YES;
				CLANG_WARN_STRICT_PROTOTYPES = YES;
				CLANG_WARN_SUSPICIOUS_MOVE = YES;
				CLANG_WARN_UNGUARDED_AVAILABILITY = YES_AGGRESSIVE;
				CLANG_WARN_UNREACHABLE_CODE = YES;
				CLANG_WARN__DUPLICATE_METHOD_MATCH = YES;
				COPY_PHASE_STRIP = NO;
				DEBUG_INFORMATION_FORMAT = dwarf;
				ENABLE_STRICT_OBJC_MSGSEND = YES;
				ENABLE_TESTABILITY = YES;
				ENABLE_USER_SCRIPT_SANDBOXING = YES;
				GCC_C_LANGUAGE_STANDARD = gnu17;
				GCC_DYNAMIC_NO_PIC = NO;
				GCC_NO_COMMON_BLOCKS = YES;
				GCC_OPTIMIZATION_LEVEL = 0;
				GCC_PREPROCESSOR_DEFINITIONS = (
					"DEBUG=1",
					"$(inherited)",
				);
				GCC_WARN_64_TO_32_BIT_CONVERSION = YES;
				GCC_WARN_ABOUT_RETURN_TYPE = YES_ERROR;
				GCC_WARN_UNDECLARED_SELECTOR = YES;
				GCC_WARN_UNINITIALIZED_AUTOS = YES_AGGRESSIVE;
				GCC_WARN_UNUSED_FUNCTION = YES;
				GCC_WARN_UNUSED_VARIABLE = YES;
				IPHONEOS_DEPLOYMENT_TARGET = 16.0;
				LOCALIZATION_PREFERS_STRING_CATALOGS = YES;
				MTL_ENABLE_DEBUG_INFO = INCLUDE_SOURCE;
				MTL_FAST_MATH = YES;
				ONLY_ACTIVE_ARCH = YES;
				SDKROOT = iphoneos;
				SWIFT_ACTIVE_COMPILATION_CONDITIONS = "DEBUG $(inherited)";
				SWIFT_OPTIMIZATION_LEVEL = "-Onone";
			};
			name = Debug;
		};
		A5A695C02C482ACC00167E36 /* Release */ = {
			isa = XCBuildConfiguration;
			buildSettings = {
				ALWAYS_SEARCH_USER_PATHS = NO;
				ASSETCATALOG_COMPILER_GENERATE_SWIFT_ASSET_SYMBOL_EXTENSIONS = YES;
				CLANG_ANALYZER_NONNULL = YES;
				CLANG_ANALYZER_NUMBER_OBJECT_CONVERSION = YES_AGGRESSIVE;
				CLANG_CXX_LANGUAGE_STANDARD = "gnu++20";
				CLANG_ENABLE_MODULES = YES;
				CLANG_ENABLE_OBJC_ARC = YES;
				CLANG_ENABLE_OBJC_WEAK = YES;
				CLANG_WARN_BLOCK_CAPTURE_AUTORELEASING = YES;
				CLANG_WARN_BOOL_CONVERSION = YES;
				CLANG_WARN_COMMA = YES;
				CLANG_WARN_CONSTANT_CONVERSION = YES;
				CLANG_WARN_DEPRECATED_OBJC_IMPLEMENTATIONS = YES;
				CLANG_WARN_DIRECT_OBJC_ISA_USAGE = YES_ERROR;
				CLANG_WARN_DOCUMENTATION_COMMENTS = YES;
				CLANG_WARN_EMPTY_BODY = YES;
				CLANG_WARN_ENUM_CONVERSION = YES;
				CLANG_WARN_INFINITE_RECURSION = YES;
				CLANG_WARN_INT_CONVERSION = YES;
				CLANG_WARN_NON_LITERAL_NULL_CONVERSION = YES;
				CLANG_WARN_OBJC_IMPLICIT_RETAIN_SELF = YES;
				CLANG_WARN_OBJC_LITERAL_CONVERSION = YES;
				CLANG_WARN_OBJC_ROOT_CLASS = YES_ERROR;
				CLANG_WARN_QUOTED_INCLUDE_IN_FRAMEWORK_HEADER = YES;
				CLANG_WARN_RANGE_LOOP_ANALYSIS = YES;
				CLANG_WARN_STRICT_PROTOTYPES = YES;
				CLANG_WARN_SUSPICIOUS_MOVE = YES;
				CLANG_WARN_UNGUARDED_AVAILABILITY = YES_AGGRESSIVE;
				CLANG_WARN_UNREACHABLE_CODE = YES;
				CLANG_WARN__DUPLICATE_METHOD_MATCH = YES;
				COPY_PHASE_STRIP = NO;
				DEBUG_INFORMATION_FORMAT = "dwarf-with-dsym";
				ENABLE_NS_ASSERTIONS = NO;
				ENABLE_STRICT_OBJC_MSGSEND = YES;
				ENABLE_USER_SCRIPT_SANDBOXING = YES;
				GCC_C_LANGUAGE_STANDARD = gnu17;
				GCC_NO_COMMON_BLOCKS = YES;
				GCC_WARN_64_TO_32_BIT_CONVERSION = YES;
				GCC_WARN_ABOUT_RETURN_TYPE = YES_ERROR;
				GCC_WARN_UNDECLARED_SELECTOR = YES;
				GCC_WARN_UNINITIALIZED_AUTOS = YES_AGGRESSIVE;
				GCC_WARN_UNUSED_FUNCTION = YES;
				GCC_WARN_UNUSED_VARIABLE = YES;
				IPHONEOS_DEPLOYMENT_TARGET = 16.0;
				LOCALIZATION_PREFERS_STRING_CATALOGS = YES;
				MTL_ENABLE_DEBUG_INFO = NO;
				MTL_FAST_MATH = YES;
				SDKROOT = iphoneos;
				SWIFT_COMPILATION_MODE = wholemodule;
				VALIDATE_PRODUCT = YES;
			};
			name = Release;
		};
		A5A695C22C482ACC00167E36 /* Debug */ = {
			isa = XCBuildConfiguration;
			buildSettings = {
				ASSETCATALOG_COMPILER_APPICON_NAME = AppIcon;
				ASSETCATALOG_COMPILER_GLOBAL_ACCENT_COLOR_NAME = AccentColor;
				CODE_SIGN_STYLE = Automatic;
				CURRENT_PROJECT_VERSION = 1;
				DEVELOPMENT_ASSET_PATHS = Assets/Preview.xcassets;
				DEVELOPMENT_TEAM = 5HDD9A94JL;
				ENABLE_PREVIEWS = YES;
				GENERATE_INFOPLIST_FILE = YES;
				INFOPLIST_KEY_UIApplicationSceneManifest_Generation = YES;
				INFOPLIST_KEY_UIApplicationSupportsIndirectInputEvents = YES;
				INFOPLIST_KEY_UILaunchScreen_Generation = YES;
				INFOPLIST_KEY_UISupportedInterfaceOrientations_iPad = "UIInterfaceOrientationPortrait UIInterfaceOrientationPortraitUpsideDown UIInterfaceOrientationLandscapeLeft UIInterfaceOrientationLandscapeRight";
				INFOPLIST_KEY_UISupportedInterfaceOrientations_iPhone = "UIInterfaceOrientationPortrait UIInterfaceOrientationLandscapeLeft UIInterfaceOrientationLandscapeRight";
				LD_RUNPATH_SEARCH_PATHS = (
					"$(inherited)",
					"@executable_path/Frameworks",
				);
				MARKETING_VERSION = 1.0;
				PRODUCT_BUNDLE_IDENTIFIER = lavrov.sergey.mycyprus;
				PRODUCT_NAME = "$(TARGET_NAME)";
				SWIFT_EMIT_LOC_STRINGS = YES;
				SWIFT_VERSION = 5.0;
				TARGETED_DEVICE_FAMILY = "1,2";
			};
			name = Debug;
		};
		A5A695C32C482ACC00167E36 /* Release */ = {
			isa = XCBuildConfiguration;
			buildSettings = {
				ASSETCATALOG_COMPILER_APPICON_NAME = AppIcon;
				ASSETCATALOG_COMPILER_GLOBAL_ACCENT_COLOR_NAME = AccentColor;
				CODE_SIGN_STYLE = Automatic;
				CURRENT_PROJECT_VERSION = 1;
				DEVELOPMENT_ASSET_PATHS = Assets/Preview.xcassets;
				DEVELOPMENT_TEAM = 5HDD9A94JL;
				ENABLE_PREVIEWS = YES;
				GENERATE_INFOPLIST_FILE = YES;
				INFOPLIST_KEY_UIApplicationSceneManifest_Generation = YES;
				INFOPLIST_KEY_UIApplicationSupportsIndirectInputEvents = YES;
				INFOPLIST_KEY_UILaunchScreen_Generation = YES;
				INFOPLIST_KEY_UISupportedInterfaceOrientations_iPad = "UIInterfaceOrientationPortrait UIInterfaceOrientationPortraitUpsideDown UIInterfaceOrientationLandscapeLeft UIInterfaceOrientationLandscapeRight";
				INFOPLIST_KEY_UISupportedInterfaceOrientations_iPhone = "UIInterfaceOrientationPortrait UIInterfaceOrientationLandscapeLeft UIInterfaceOrientationLandscapeRight";
				LD_RUNPATH_SEARCH_PATHS = (
					"$(inherited)",
					"@executable_path/Frameworks",
				);
				MARKETING_VERSION = 1.0;
				PRODUCT_BUNDLE_IDENTIFIER = lavrov.sergey.mycyprus;
				PRODUCT_NAME = "$(TARGET_NAME)";
				SWIFT_EMIT_LOC_STRINGS = YES;
				SWIFT_VERSION = 5.0;
				TARGETED_DEVICE_FAMILY = "1,2";
			};
			name = Release;
		};
/* End XCBuildConfiguration section */

/* Begin XCConfigurationList section */
		A5A695AE2C482ACB00167E36 /* Build configuration list for PBXProject "mycyprus" */ = {
			isa = XCConfigurationList;
			buildConfigurations = (
				A5A695BF2C482ACC00167E36 /* Debug */,
				A5A695C02C482ACC00167E36 /* Release */,
			);
			defaultConfigurationIsVisible = 0;
			defaultConfigurationName = Release;
		};
		A5A695C12C482ACC00167E36 /* Build configuration list for PBXNativeTarget "mycyprus" */ = {
			isa = XCConfigurationList;
			buildConfigurations = (
				A5A695C22C482ACC00167E36 /* Debug */,
				A5A695C32C482ACC00167E36 /* Release */,
			);
			defaultConfigurationIsVisible = 0;
			defaultConfigurationName = Release;
		};
/* End XCConfigurationList section */

/* Begin XCRemoteSwiftPackageReference section */
		A5A695C42C482C9B00167E36 /* XCRemoteSwiftPackageReference "swift-composable-architecture" */ = {
			isa = XCRemoteSwiftPackageReference;
			repositoryURL = "https://github.com/pointfreeco/swift-composable-architecture";
			requirement = {
				kind = upToNextMajorVersion;
				minimumVersion = 1.11.2;
			};
		};
		A5A695C92C482E5900167E36 /* XCRemoteSwiftPackageReference "Alamofire" */ = {
			isa = XCRemoteSwiftPackageReference;
			repositoryURL = "https://github.com/Alamofire/Alamofire.git";
			requirement = {
				kind = upToNextMajorVersion;
				minimumVersion = 5.9.1;
			};
		};
/* End XCRemoteSwiftPackageReference section */

/* Begin XCSwiftPackageProductDependency section */
		A5A695C52C482C9B00167E36 /* ComposableArchitecture */ = {
			isa = XCSwiftPackageProductDependency;
			package = A5A695C42C482C9B00167E36 /* XCRemoteSwiftPackageReference "swift-composable-architecture" */;
			productName = ComposableArchitecture;
		};
		A5A695C72C482E0100167E36 /* ComposableArchitecture */ = {
			isa = XCSwiftPackageProductDependency;
			package = A5A695C42C482C9B00167E36 /* XCRemoteSwiftPackageReference "swift-composable-architecture" */;
			productName = ComposableArchitecture;
		};
		A5A695CA2C482E5900167E36 /* Alamofire */ = {
			isa = XCSwiftPackageProductDependency;
			package = A5A695C92C482E5900167E36 /* XCRemoteSwiftPackageReference "Alamofire" */;
			productName = Alamofire;
		};
		A5A695CC2C482E5900167E36 /* AlamofireDynamic */ = {
			isa = XCSwiftPackageProductDependency;
			package = A5A695C92C482E5900167E36 /* XCRemoteSwiftPackageReference "Alamofire" */;
			productName = AlamofireDynamic;
		};
/* End XCSwiftPackageProductDependency section */
	};
	rootObject = A5A695AB2C482ACB00167E36 /* Project object */;
}
